{
  "version": 4,
  "terraform_version": "1.5.0",
  "serial": 43,
  "lineage": "44452f5b-51d3-c18e-9ffb-8a9e01792b4e",
  "outputs": {},
  "resources": [
    {
      "mode": "managed",
      "type": "google_container_cluster",
      "name": "cluster-1",
      "provider": "provider[\"registry.terraform.io/hashicorp/google\"]",
      "instances": [
        {
          "schema_version": 1,
          "attributes": {
            "addons_config": [
              {
                "cloudrun_config": [],
                "config_connector_config": [],
                "dns_cache_config": [],
                "gce_persistent_disk_csi_driver_config": [
                  {
                    "enabled": true
                  }
                ],
                "gcp_filestore_csi_driver_config": [],
                "gke_backup_agent_config": [],
                "horizontal_pod_autoscaling": [],
                "http_load_balancing": [],
                "network_policy_config": [
                  {
                    "disabled": true
                  }
                ]
              }
            ],
            "authenticator_groups_config": [],
            "binary_authorization": [
              {
                "enabled": false,
                "evaluation_mode": ""
              }
            ],
            "cluster_autoscaling": [
              {
                "auto_provisioning_defaults": [],
                "enabled": false,
                "resource_limits": []
              }
            ],
            "cluster_ipv4_cidr": "10.116.0.0/14",
            "confidential_nodes": [],
            "cost_management_config": [],
            "database_encryption": [
              {
                "key_name": "",
                "state": "DECRYPTED"
              }
            ],
            "datapath_provider": "",
            "default_max_pods_per_node": null,
            "default_snat_status": [
              {
                "disabled": false
              }
            ],
            "description": "",
            "dns_config": [],
            "enable_autopilot": false,
            "enable_binary_authorization": false,
            "enable_intranode_visibility": false,
            "enable_kubernetes_alpha": false,
            "enable_l4_ilb_subsetting": false,
            "enable_legacy_abac": false,
            "enable_shielded_nodes": true,
            "enable_tpu": false,
            "endpoint": "34.94.149.46",
            "gateway_api_config": [],
            "id": "projects/avid-shape-390123/locations/us-west2-a/clusters/cluster-1",
            "initial_node_count": 0,
            "ip_allocation_policy": [],
            "label_fingerprint": "a9dc16a7",
            "location": "us-west2-a",
            "logging_config": [
              {
                "enable_components": [
                  "SYSTEM_COMPONENTS",
                  "WORKLOADS"
                ]
              }
            ],
            "logging_service": "logging.googleapis.com/kubernetes",
            "maintenance_policy": [],
            "master_auth": [
              {
                "client_certificate": "",
                "client_certificate_config": [
                  {
                    "issue_client_certificate": false
                  }
                ],
                "client_key": "",
                "cluster_ca_certificate": "LS0tLS1CRUdJTiBDRVJUSUZJQ0FURS0tLS0tCk1JSUVMVENDQXBXZ0F3SUJBZ0lSQU4zbDVTWUJGVGZ0VEdIbnJEdExOTzh3RFFZSktvWklodmNOQVFFTEJRQXcKTHpFdE1Dc0dBMVVFQXhNa05EQTNPVFl5T1RNdFptTmtZUzAwTldObUxUbGtOVE10WlRWaVpEY3pObU13TldObApNQ0FYRFRJek1EWXhPREl6TXpReU5sb1lEekl3TlRNd05qRXhNREF6TkRJMldqQXZNUzB3S3dZRFZRUURFeVEwCk1EYzVOakk1TXkxbVkyUmhMVFExWTJZdE9XUTFNeTFsTldKa056TTJZekExWTJVd2dnR2lNQTBHQ1NxR1NJYjMKRFFFQkFRVUFBNElCandBd2dnR0tBb0lCZ1FERzZndWdmbndrTUhvQ0F6dkRIc1kwSElmT2l0WUNjQm5oR1NIbwpYc3kyYk5INmJNK29MS0dHWDlLS2M2amxsQkc1NDg1SzdDZ1pmRUZvK01jaHJCdWhaQkdGaXQ0Wnhmc1NXTHdDCnlCcklHMEpUYkxpWlNQc3NFcVQ3dFFBcHRzc2FxZ2VKUm4yNHpPbkpnVGVOUGN2VTN5WkVLTDJ5QzN2OXZMN3YKdkNTZC9DemZzaDRLM0FvNHVwZDBrQ1JpeUR1ZnJRU0JDVDhSa2xOOHlhdFg0SWwzRXJMOWJHUHNGUlVaamV2MgprZXNQUFBPdWY4dXYvYlN4a0RWNEYwampVNnVjNlQxN3FkZnVuQ0NScTRyNHJFVmJxb0FqYmFBa21DdG1POWNBCjEvMHlxOUd4NitkZTM5WmZRYTF1b2lxaTZZaEtWdkFnTFU0bHlReThMNHErNnZVSzdHK3FpWHJNeWhyY01BeEYKaEFJNU8vQ1RZYmlvd2hveG40QWc3Wll3QXg4TWlsL3J1clhPR1FqbERkODY5eWVObk4rdUxvN3dNVVUxZFQ2SApIQmVEUlhYZHJ5SkZycHRwUS9ZSFpsMlBpVkVEYUJ3QVZBbmUyRVgrdVlzb2xtQjZiMkUrRjB5S2diN2VTbmJtCm9iZnVwbHRYRlhBOUovejl2NGJtbnFwM3VhMENBd0VBQWFOQ01FQXdEZ1lEVlIwUEFRSC9CQVFEQWdJRU1BOEcKQTFVZEV3RUIvd1FGTUFNQkFmOHdIUVlEVlIwT0JCWUVGQk9MOVVWejBOMk1Ub3p2TnR3bDVySEZIZ2hLTUEwRwpDU3FHU0liM0RRRUJDd1VBQTRJQmdRQnF4SDNqNlZUbzNqWURTYUdSUU1HR3RPUE5sa2wwYzlkeDJxMG1zTjczClBwandBc1NSNmhZakVmTEdUZzErSEtRNEM2aTFjSE9HRnhOdm1SMGcwU3M1eHZoTEZJajViQzEzd0JBRFI5aTQKRjgyOVNDS2dkZmdoREZkT1lJeUlKc2JyUnAwekdNK3BKMjBVV3pYNXNIeEFraUEyQWZRcE9IOURWem8vcjRJZAovR1cvSDNpU3JxZXQySU1DR3kzNElwYVpNbmE4M0ZvRlpxaEU0d1F1VGdlUloxTGs4dHVVWE51OGtyRmtBY1k4Cml0d0gxQ2lSa3c5Nk1DSHlGcFAzamRHSzNpZlQ0Q05tU0p3S0Z2ZWxHTHdXM2lObDR2VzE0YVl2VDEvN2o4SGcKTSs0VEp5MXhoQXk3NmxFZ0ZDeFp2cG9zajA3M2JFdzVKNjFCNk43RWY0aUxsaytLN2RrWVdNamZZUXdIZXRKNQp2Z25GRU93NC9POThwdU1BUk4yY1JzOVN0UlEvTDdteXJLMmUwYnp5dTRGYUM5MndCM2p6T0pVaUhnZnhkY1Z4ClZ6Ujl6Tktpb3NsYUcvNFhwbGJwTzNsOTZyb2tnV0t6ckpER1h4eHNZRmprUm4reXQ5Z2pHWGJuZFd5dnJocUYKYVVXd0NPbll0Zkw2bk8xZGZDSk1BRkE9Ci0tLS0tRU5EIENFUlRJRklDQVRFLS0tLS0K"
              }
            ],
            "master_authorized_networks_config": [],
            "master_version": "1.25.8-gke.1000",
            "mesh_certificates": [],
            "min_master_version": null,
            "monitoring_config": [
              {
                "enable_components": [
                  "SYSTEM_COMPONENTS"
                ],
                "managed_prometheus": []
              }
            ],
            "monitoring_service": "monitoring.googleapis.com/kubernetes",
            "name": "cluster-1",
            "network": "projects/avid-shape-390123/global/networks/default",
            "network_policy": [
              {
                "enabled": false,
                "provider": "PROVIDER_UNSPECIFIED"
              }
            ],
            "networking_mode": "ROUTES",
            "node_config": [
              {
                "advanced_machine_features": [],
                "boot_disk_kms_key": "",
                "disk_size_gb": 20,
                "disk_type": "pd-balanced",
                "ephemeral_storage_local_ssd_config": [],
                "gcfs_config": [],
                "guest_accelerator": [],
                "gvnic": [],
                "image_type": "COS_CONTAINERD",
                "kubelet_config": [],
                "labels": {},
                "linux_node_config": [],
                "local_nvme_ssd_block_config": [],
                "local_ssd_count": 0,
                "logging_variant": "DEFAULT",
                "machine_type": "e2-standard-2",
                "metadata": {
                  "disable-legacy-endpoints": "true"
                },
                "min_cpu_platform": "",
                "node_group": "",
                "oauth_scopes": [
                  "https://www.googleapis.com/auth/devstorage.read_only",
                  "https://www.googleapis.com/auth/logging.write",
                  "https://www.googleapis.com/auth/monitoring",
                  "https://www.googleapis.com/auth/service.management.readonly",
                  "https://www.googleapis.com/auth/servicecontrol",
                  "https://www.googleapis.com/auth/trace.append"
                ],
                "preemptible": false,
                "reservation_affinity": [],
                "resource_labels": {},
                "service_account": "default",
                "shielded_instance_config": [
                  {
                    "enable_integrity_monitoring": true,
                    "enable_secure_boot": false
                  }
                ],
                "spot": false,
                "tags": [],
                "taint": [],
                "workload_metadata_config": []
              }
            ],
            "node_locations": [],
            "node_pool": [
              {
                "autoscaling": [],
                "initial_node_count": 1,
                "instance_group_urls": [
                  "https://www.googleapis.com/compute/v1/projects/avid-shape-390123/zones/us-west2-a/instanceGroupManagers/gke-cluster-1-my-pool-83d3fe60-grp"
                ],
                "managed_instance_group_urls": [
                  "https://www.googleapis.com/compute/v1/projects/avid-shape-390123/zones/us-west2-a/instanceGroups/gke-cluster-1-my-pool-83d3fe60-grp"
                ],
                "management": [
                  {
                    "auto_repair": true,
                    "auto_upgrade": true
                  }
                ],
                "max_pods_per_node": 0,
                "name": "my-pool",
                "name_prefix": "",
                "network_config": [
                  {
                    "create_pod_range": false,
                    "enable_private_nodes": false,
                    "pod_cidr_overprovision_config": [],
                    "pod_ipv4_cidr_block": "",
                    "pod_range": ""
                  }
                ],
                "node_config": [
                  {
                    "advanced_machine_features": [],
                    "boot_disk_kms_key": "",
                    "disk_size_gb": 20,
                    "disk_type": "pd-balanced",
                    "ephemeral_storage_local_ssd_config": [],
                    "gcfs_config": [],
                    "guest_accelerator": [],
                    "gvnic": [],
                    "image_type": "COS_CONTAINERD",
                    "kubelet_config": [],
                    "labels": {},
                    "linux_node_config": [],
                    "local_nvme_ssd_block_config": [],
                    "local_ssd_count": 0,
                    "logging_variant": "DEFAULT",
                    "machine_type": "e2-standard-2",
                    "metadata": {
                      "disable-legacy-endpoints": "true"
                    },
                    "min_cpu_platform": "",
                    "node_group": "",
                    "oauth_scopes": [
                      "https://www.googleapis.com/auth/devstorage.read_only",
                      "https://www.googleapis.com/auth/logging.write",
                      "https://www.googleapis.com/auth/monitoring",
                      "https://www.googleapis.com/auth/service.management.readonly",
                      "https://www.googleapis.com/auth/servicecontrol",
                      "https://www.googleapis.com/auth/trace.append"
                    ],
                    "preemptible": false,
                    "reservation_affinity": [],
                    "resource_labels": null,
                    "service_account": "default",
                    "shielded_instance_config": [
                      {
                        "enable_integrity_monitoring": true,
                        "enable_secure_boot": false
                      }
                    ],
                    "spot": false,
                    "tags": null,
                    "taint": [],
                    "workload_metadata_config": []
                  }
                ],
                "node_count": 1,
                "node_locations": [
                  "us-west2-a"
                ],
                "placement_policy": [],
                "upgrade_settings": [
                  {
                    "blue_green_settings": [],
                    "max_surge": 1,
                    "max_unavailable": 0,
                    "strategy": "SURGE"
                  }
                ],
                "version": "1.25.8-gke.1000"
              }
            ],
            "node_pool_defaults": [
              {
                "node_config_defaults": [
                  {
                    "logging_variant": "DEFAULT"
                  }
                ]
              }
            ],
            "node_version": "1.25.8-gke.1000",
            "notification_config": [
              {
                "pubsub": [
                  {
                    "enabled": false,
                    "filter": [],
                    "topic": ""
                  }
                ]
              }
            ],
            "operation": null,
            "private_cluster_config": [
              {
                "enable_private_endpoint": false,
                "enable_private_nodes": false,
                "master_global_access_config": [
                  {
                    "enabled": false
                  }
                ],
                "master_ipv4_cidr_block": "",
                "peering_name": "",
                "private_endpoint": "10.168.0.53",
                "private_endpoint_subnetwork": "",
                "public_endpoint": "34.94.149.46"
              }
            ],
            "private_ipv6_google_access": "",
            "project": "avid-shape-390123",
            "release_channel": [
              {
                "channel": "REGULAR"
              }
            ],
            "remove_default_node_pool": null,
            "resource_labels": null,
            "resource_usage_export_config": [],
            "self_link": "https://container.googleapis.com/v1/projects/avid-shape-390123/zones/us-west2-a/clusters/cluster-1",
            "service_external_ips_config": [
              {
                "enabled": false
              }
            ],
            "services_ipv4_cidr": "10.119.240.0/20",
            "subnetwork": "projects/avid-shape-390123/regions/us-west2/subnetworks/default",
            "timeouts": null,
            "tpu_ipv4_cidr_block": "",
            "vertical_pod_autoscaling": [],
            "workload_identity_config": []
          },
          "sensitive_attributes": [],
          "private": "eyJlMmJmYjczMC1lY2FhLTExZTYtOGY4OC0zNDM2M2JjN2M0YzAiOnsiY3JlYXRlIjoyNDAwMDAwMDAwMDAwLCJkZWxldGUiOjI0MDAwMDAwMDAwMDAsInJlYWQiOjI0MDAwMDAwMDAwMDAsInVwZGF0ZSI6MzYwMDAwMDAwMDAwMH0sInNjaGVtYV92ZXJzaW9uIjoiMSJ9"
        }
      ]
    }
  ],
  "check_results": null
}
