{
  "version": 4,
  "terraform_version": "1.5.0",
  "serial": 41,
  "lineage": "44452f5b-51d3-c18e-9ffb-8a9e01792b4e",
  "outputs": {},
  "resources": [
    {
      "mode": "managed",
      "type": "google_container_cluster",
      "name": "cluster-1",
      "provider": "provider[\"registry.terraform.io/hashicorp/google\"]",
      "instances": [
        {
          "index_key": 0,
          "schema_version": 1,
          "attributes": {
            "addons_config": [
              {
                "cloudrun_config": [],
                "config_connector_config": [],
                "dns_cache_config": [],
                "gce_persistent_disk_csi_driver_config": [
                  {
                    "enabled": true
                  }
                ],
                "gcp_filestore_csi_driver_config": [],
                "gke_backup_agent_config": [],
                "horizontal_pod_autoscaling": [],
                "http_load_balancing": [],
                "network_policy_config": [
                  {
                    "disabled": true
                  }
                ]
              }
            ],
            "authenticator_groups_config": [],
            "binary_authorization": [
              {
                "enabled": false,
                "evaluation_mode": ""
              }
            ],
            "cluster_autoscaling": [
              {
                "auto_provisioning_defaults": [],
                "enabled": false,
                "resource_limits": []
              }
            ],
            "cluster_ipv4_cidr": "10.116.0.0/14",
            "confidential_nodes": [],
            "cost_management_config": [],
            "database_encryption": [
              {
                "key_name": "",
                "state": "DECRYPTED"
              }
            ],
            "datapath_provider": "",
            "default_max_pods_per_node": null,
            "default_snat_status": [
              {
                "disabled": false
              }
            ],
            "description": "",
            "dns_config": [],
            "enable_autopilot": false,
            "enable_binary_authorization": false,
            "enable_intranode_visibility": false,
            "enable_kubernetes_alpha": false,
            "enable_l4_ilb_subsetting": false,
            "enable_legacy_abac": false,
            "enable_shielded_nodes": true,
            "enable_tpu": false,
            "endpoint": "35.235.81.140",
            "gateway_api_config": [],
            "id": "projects/avid-shape-390123/locations/us-west2-a/clusters/cluster-1",
            "initial_node_count": 0,
            "ip_allocation_policy": [],
            "label_fingerprint": "a9dc16a7",
            "location": "us-west2-a",
            "logging_config": [
              {
                "enable_components": [
                  "SYSTEM_COMPONENTS",
                  "WORKLOADS"
                ]
              }
            ],
            "logging_service": "logging.googleapis.com/kubernetes",
            "maintenance_policy": [],
            "master_auth": [
              {
                "client_certificate": "",
                "client_certificate_config": [
                  {
                    "issue_client_certificate": false
                  }
                ],
                "client_key": "",
                "cluster_ca_certificate": "LS0tLS1CRUdJTiBDRVJUSUZJQ0FURS0tLS0tCk1JSUVMVENDQXBXZ0F3SUJBZ0lSQUwxMWZleGxQRVU3SUUySTIybE16aW93RFFZSktvWklodmNOQVFFTEJRQXcKTHpFdE1Dc0dBMVVFQXhNa04yTTNabVEyTVRVdE1tWXpZaTAwWWpFd0xXRmxabUl0WlRFM00ySTFOakpoTUdNNApNQ0FYRFRJek1EWXhPREl6TURrd01Wb1lEekl3TlRNd05qRXhNREF3T1RBeFdqQXZNUzB3S3dZRFZRUURFeVEzCll6ZG1aRFl4TlMweVpqTmlMVFJpTVRBdFlXVm1ZaTFsTVRjellqVTJNbUV3WXpnd2dnR2lNQTBHQ1NxR1NJYjMKRFFFQkFRVUFBNElCandBd2dnR0tBb0lCZ1FERmxwaFRxV2dyYkd2cCtyWUoycGpaYm92RWpPblNiWFBYZi9MaQp5cHp0c1dtZ3Z6OExpOGx1WU5vU2cvMThGWWtjNDZCSENqK1cvR3ZUbHAzV09GK01xa1Q3bVNsNE1DNTZxZ3BKCjcrazA4R3hnTkhCZm56MmFvb3kramhoeHVkT1F0c3dHaThiamM3TEtEY1VKZUQvRjNld2xsZ1FCVEdwbmVwWXYKRys4ZE1mVUlVWGFWNXkwaUtiYUphcHlLZEhoNHhLYkswTGg4Q1VzazJvUWpZU2RVS0JZRk5MbFZuWFhRSnNDawpsd1h3YUJJS0lVc3VjeERuOEVrU0dEOVJLQ2hzRElMc1ZhT1FyN0NlZURNTFRGWnlsWWhoSlNNQTJWY1VLdThzCkNwc2YwN0hOZzN5cTJtOTRuNk9nRGxLTllpR1czUWZHM0dTdGFRQ0RoRTBwSUVXSmkxY01rUXQvdmNaNThrUi8Kamt2MkhrUDdXZ3FubUpkRy9Fc0hGZmZYVXlwbTJOMXptWlNlNVZJU0Q1YlhubzRjamZ0bnFQYUpqbmxtaXpWUQpBSnZzQ3RlaGpmRE9LZExsVGpjMW4zL0NETU5UbEdwZWVRWGQxbjRHV3R3cmFna1loaDFKdkh6WEVaNkttOURaCmZwZ29mZklSOFlrNElkeWxVditVZENzam0yRUNBd0VBQWFOQ01FQXdEZ1lEVlIwUEFRSC9CQVFEQWdJRU1BOEcKQTFVZEV3RUIvd1FGTUFNQkFmOHdIUVlEVlIwT0JCWUVGQVhRc1VxY3RpOGV5bGszVWwrRkROV0hGNXFkTUEwRwpDU3FHU0liM0RRRUJDd1VBQTRJQmdRQ1dGbFpKb00rM1BFZnZtN3I2S2FWdmR5UEloR05jV3puVjdvcHhUSHRaCkl5UEZNWFhkZy8yK1BtQkc2a2laYms4aDYwR3hJSlIrOW5EcFo2SWNlSkNOWGxGSWJhdGpkZkNKSWFua2JGdmIKKzRTQ21jbGxxODk4cE9XYVV2Vy9yTktrSUs1Wm5TN3cwUjVMQVNoaXE2OXIxTTg0ajlqSDRwZ3pBSXYzR0lCQQowSzI5bEdVbnNGQlNFeGRFeW9mY1llVHFkb2FNZ29xSnIwcWpIN01oNzB1RU1HZDlrMzU5Y1FVNk1Qb0VwK2ZKCmVMQTJhbWZhblhQTE4yMGxGSElmWmkwTDhjeG4vQnA2V2tXOGFBZUFjeWcxR0p1TU5pc3RLRW9FTFhveTNRV2IKQ2pLY1ROcytlZzRheVM1Tk5sblZBSDF5eHE0cjhUcDRCbVRUUllJVDJab3l5UlROc3d4eEZFWDhGbXl5NGFLaQpqK3d1YzBtUGI1dFBGZ2Z5S2RIMEFVa3IzSEtZWUtKM2IvMndubk8weEYyVDJQR2lHbVpWM3hCTFVVR1U4ZlhVCndwQUxzQVErY1M3VFN3WHpkNEN6aXNFWTcxem8zWGpDUFZndDdlOEEzYkMyMEpLU1RnOUR4YXY0NFRTQnVKc2MKRkFVQldsVjZwbTEzZHNvTjgyTE13UWM9Ci0tLS0tRU5EIENFUlRJRklDQVRFLS0tLS0K"
              }
            ],
            "master_authorized_networks_config": [],
            "master_version": "1.25.8-gke.1000",
            "mesh_certificates": [],
            "min_master_version": null,
            "monitoring_config": [
              {
                "enable_components": [
                  "SYSTEM_COMPONENTS"
                ],
                "managed_prometheus": []
              }
            ],
            "monitoring_service": "monitoring.googleapis.com/kubernetes",
            "name": "cluster-1",
            "network": "projects/avid-shape-390123/global/networks/default",
            "network_policy": [
              {
                "enabled": false,
                "provider": "PROVIDER_UNSPECIFIED"
              }
            ],
            "networking_mode": "ROUTES",
            "node_config": [
              {
                "advanced_machine_features": [],
                "boot_disk_kms_key": "",
                "disk_size_gb": 20,
                "disk_type": "pd-balanced",
                "ephemeral_storage_local_ssd_config": [],
                "gcfs_config": [],
                "guest_accelerator": [],
                "gvnic": [],
                "image_type": "COS_CONTAINERD",
                "kubelet_config": [],
                "labels": {},
                "linux_node_config": [],
                "local_nvme_ssd_block_config": [],
                "local_ssd_count": 0,
                "logging_variant": "DEFAULT",
                "machine_type": "e2-standard-2",
                "metadata": {
                  "disable-legacy-endpoints": "true"
                },
                "min_cpu_platform": "",
                "node_group": "",
                "oauth_scopes": [
                  "https://www.googleapis.com/auth/devstorage.read_only",
                  "https://www.googleapis.com/auth/logging.write",
                  "https://www.googleapis.com/auth/monitoring",
                  "https://www.googleapis.com/auth/service.management.readonly",
                  "https://www.googleapis.com/auth/servicecontrol",
                  "https://www.googleapis.com/auth/trace.append"
                ],
                "preemptible": false,
                "reservation_affinity": [],
                "resource_labels": {},
                "service_account": "default",
                "shielded_instance_config": [
                  {
                    "enable_integrity_monitoring": true,
                    "enable_secure_boot": false
                  }
                ],
                "spot": false,
                "tags": [],
                "taint": [],
                "workload_metadata_config": []
              }
            ],
            "node_locations": [],
            "node_pool": [
              {
                "autoscaling": [],
                "initial_node_count": 1,
                "instance_group_urls": [
                  "https://www.googleapis.com/compute/v1/projects/avid-shape-390123/zones/us-west2-a/instanceGroupManagers/gke-cluster-1-my-pool-dcbcd4d7-grp"
                ],
                "managed_instance_group_urls": [
                  "https://www.googleapis.com/compute/v1/projects/avid-shape-390123/zones/us-west2-a/instanceGroups/gke-cluster-1-my-pool-dcbcd4d7-grp"
                ],
                "management": [
                  {
                    "auto_repair": true,
                    "auto_upgrade": true
                  }
                ],
                "max_pods_per_node": 0,
                "name": "my-pool",
                "name_prefix": "",
                "network_config": [
                  {
                    "create_pod_range": false,
                    "enable_private_nodes": false,
                    "pod_cidr_overprovision_config": [],
                    "pod_ipv4_cidr_block": "",
                    "pod_range": ""
                  }
                ],
                "node_config": [
                  {
                    "advanced_machine_features": [],
                    "boot_disk_kms_key": "",
                    "disk_size_gb": 20,
                    "disk_type": "pd-balanced",
                    "ephemeral_storage_local_ssd_config": [],
                    "gcfs_config": [],
                    "guest_accelerator": [],
                    "gvnic": [],
                    "image_type": "COS_CONTAINERD",
                    "kubelet_config": [],
                    "labels": {},
                    "linux_node_config": [],
                    "local_nvme_ssd_block_config": [],
                    "local_ssd_count": 0,
                    "logging_variant": "DEFAULT",
                    "machine_type": "e2-standard-2",
                    "metadata": {
                      "disable-legacy-endpoints": "true"
                    },
                    "min_cpu_platform": "",
                    "node_group": "",
                    "oauth_scopes": [
                      "https://www.googleapis.com/auth/devstorage.read_only",
                      "https://www.googleapis.com/auth/logging.write",
                      "https://www.googleapis.com/auth/monitoring",
                      "https://www.googleapis.com/auth/service.management.readonly",
                      "https://www.googleapis.com/auth/servicecontrol",
                      "https://www.googleapis.com/auth/trace.append"
                    ],
                    "preemptible": false,
                    "reservation_affinity": [],
                    "resource_labels": {},
                    "service_account": "default",
                    "shielded_instance_config": [
                      {
                        "enable_integrity_monitoring": true,
                        "enable_secure_boot": false
                      }
                    ],
                    "spot": false,
                    "tags": [],
                    "taint": [],
                    "workload_metadata_config": []
                  }
                ],
                "node_count": 1,
                "node_locations": [
                  "us-west2-a"
                ],
                "placement_policy": [],
                "upgrade_settings": [
                  {
                    "blue_green_settings": [],
                    "max_surge": 1,
                    "max_unavailable": 0,
                    "strategy": "SURGE"
                  }
                ],
                "version": "1.25.8-gke.1000"
              }
            ],
            "node_pool_defaults": [
              {
                "node_config_defaults": [
                  {
                    "logging_variant": "DEFAULT"
                  }
                ]
              }
            ],
            "node_version": "1.25.8-gke.1000",
            "notification_config": [
              {
                "pubsub": [
                  {
                    "enabled": false,
                    "filter": [],
                    "topic": ""
                  }
                ]
              }
            ],
            "operation": null,
            "private_cluster_config": [
              {
                "enable_private_endpoint": false,
                "enable_private_nodes": false,
                "master_global_access_config": [
                  {
                    "enabled": false
                  }
                ],
                "master_ipv4_cidr_block": "",
                "peering_name": "",
                "private_endpoint": "10.168.0.50",
                "private_endpoint_subnetwork": "",
                "public_endpoint": "35.235.81.140"
              }
            ],
            "private_ipv6_google_access": "",
            "project": "avid-shape-390123",
            "release_channel": [
              {
                "channel": "REGULAR"
              }
            ],
            "remove_default_node_pool": true,
            "resource_labels": null,
            "resource_usage_export_config": [],
            "self_link": "https://container.googleapis.com/v1/projects/avid-shape-390123/zones/us-west2-a/clusters/cluster-1",
            "service_external_ips_config": [
              {
                "enabled": false
              }
            ],
            "services_ipv4_cidr": "10.119.240.0/20",
            "subnetwork": "projects/avid-shape-390123/regions/us-west2/subnetworks/default",
            "timeouts": null,
            "tpu_ipv4_cidr_block": "",
            "vertical_pod_autoscaling": [],
            "workload_identity_config": []
          },
          "sensitive_attributes": [],
          "private": "eyJlMmJmYjczMC1lY2FhLTExZTYtOGY4OC0zNDM2M2JjN2M0YzAiOnsiY3JlYXRlIjoyNDAwMDAwMDAwMDAwLCJkZWxldGUiOjI0MDAwMDAwMDAwMDAsInJlYWQiOjI0MDAwMDAwMDAwMDAsInVwZGF0ZSI6MzYwMDAwMDAwMDAwMH0sInNjaGVtYV92ZXJzaW9uIjoiMSJ9"
        }
      ]
    }
  ],
  "check_results": null
}
